// !$*UTF8*$!
{
	archiveVersion = 1;
	classes = {
	};
	objectVersion = 77;
	objects = {

/* Begin PBXBuildFile section */
		8624F70B116AC43D24105404 /* Pods_swiftTestDemo.framework in Frameworks */ = {isa = PBXBuildFile; fileRef = 5BB4BA9BC307B2F56EB40EE3 /* Pods_swiftTestDemo.framework */; };
/* End PBXBuildFile section */

/* Begin PBXContainerItemProxy section */
		5920240E2DE0172300B97614 /* PBXContainerItemProxy */ = {
			isa = PBXContainerItemProxy;
			containerPortal = 592023EF2DE0172200B97614 /* Project object */;
			proxyType = 1;
			remoteGlobalIDString = 592023F62DE0172200B97614;
			remoteInfo = swiftTestDemo;
		};
		592024182DE0172300B97614 /* PBXContainerItemProxy */ = {
			isa = PBXContainerItemProxy;
			containerPortal = 592023EF2DE0172200B97614 /* Project object */;
			proxyType = 1;
			remoteGlobalIDString = 592023F62DE0172200B97614;
			remoteInfo = swiftTestDemo;
		};
/* End PBXContainerItemProxy section */

/* Begin PBXFileReference section */
		3D3E5849A3C550C7CED1A9AB /* Pods-swiftTestDemo.debug.xcconfig */ = {isa = PBXFileReference; includeInIndex = 1; lastKnownFileType = text.xcconfig; name = "Pods-swiftTestDemo.debug.xcconfig"; path = "Target Support Files/Pods-swiftTestDemo/Pods-swiftTestDemo.debug.xcconfig"; sourceTree = "<group>"; };
		592023F72DE0172200B97614 /* swiftTestDemo.app */ = {isa = PBXFileReference; explicitFileType = wrapper.application; includeInIndex = 0; path = swiftTestDemo.app; sourceTree = BUILT_PRODUCTS_DIR; };
		5920240D2DE0172300B97614 /* swiftTestDemoTests.xctest */ = {isa = PBXFileReference; explicitFileType = wrapper.cfbundle; includeInIndex = 0; path = swiftTestDemoTests.xctest; sourceTree = BUILT_PRODUCTS_DIR; };
		592024172DE0172300B97614 /* swiftTestDemoUITests.xctest */ = {isa = PBXFileReference; explicitFileType = wrapper.cfbundle; includeInIndex = 0; path = swiftTestDemoUITests.xctest; sourceTree = BUILT_PRODUCTS_DIR; };
		59DDA0142DF195710099F101 /* RxSwift.framework */ = {isa = PBXFileReference; explicitFileType = wrapper.framework; path = RxSwift.framework; sourceTree = BUILT_PRODUCTS_DIR; };
		5BB4BA9BC307B2F56EB40EE3 /* Pods_swiftTestDemo.framework */ = {isa = PBXFileReference; explicitFileType = wrapper.framework; includeInIndex = 0; path = Pods_swiftTestDemo.framework; sourceTree = BUILT_PRODUCTS_DIR; };
		7D86984CB62D073CD8FC5239 /* Pods-swiftTestDemo.release.xcconfig */ = {isa = PBXFileReference; includeInIndex = 1; lastKnownFileType = text.xcconfig; name = "Pods-swiftTestDemo.release.xcconfig"; path = "Target Support Files/Pods-swiftTestDemo/Pods-swiftTestDemo.release.xcconfig"; sourceTree = "<group>"; };
/* End PBXFileReference section */

/* Begin PBXFileSystemSynchronizedBuildFileExceptionSet section */
		5920241F2DE0172300B97614 /* Exceptions for "swiftTestDemo" folder in "swiftTestDemo" target */ = {
			isa = PBXFileSystemSynchronizedBuildFileExceptionSet;
			membershipExceptions = (
				Info.plist,
			);
			target = 592023F62DE0172200B97614 /* swiftTestDemo */;
		};
/* End PBXFileSystemSynchronizedBuildFileExceptionSet section */

/* Begin PBXFileSystemSynchronizedRootGroup section */
		592023F92DE0172200B97614 /* swiftTestDemo */ = {
			isa = PBXFileSystemSynchronizedRootGroup;
			exceptions = (
				5920241F2DE0172300B97614 /* Exceptions for "swiftTestDemo" folder in "swiftTestDemo" target */,
			);
			path = swiftTestDemo;
			sourceTree = "<group>";
		};
		592024102DE0172300B97614 /* swiftTestDemoTests */ = {
			isa = PBXFileSystemSynchronizedRootGroup;
			path = swiftTestDemoTests;
			sourceTree = "<group>";
		};
		5920241A2DE0172300B97614 /* swiftTestDemoUITests */ = {
			isa = PBXFileSystemSynchronizedRootGroup;
			path = swiftTestDemoUITests;
			sourceTree = "<group>";
		};
/* End PBXFileSystemSynchronizedRootGroup section */

/* Begin PBXFrameworksBuildPhase section */
		592023F42DE0172200B97614 /* Frameworks */ = {
			isa = PBXFrameworksBuildPhase;
			buildActionMask = 2147483647;
			files = (
				8624F70B116AC43D24105404 /* Pods_swiftTestDemo.framework in Frameworks */,
			);
			runOnlyForDeploymentPostprocessing = 0;
		};
		5920240A2DE0172300B97614 /* Frameworks */ = {
			isa = PBXFrameworksBuildPhase;
			buildActionMask = 2147483647;
			files = (
			);
			runOnlyForDeploymentPostprocessing = 0;
		};
		592024142DE0172300B97614 /* Frameworks */ = {
			isa = PBXFrameworksBuildPhase;
			buildActionMask = 2147483647;
			files = (
			);
			runOnlyForDeploymentPostprocessing = 0;
		};
/* End PBXFrameworksBuildPhase section */

/* Begin PBXGroup section */
		0FE9BF623E512C10ED3B09A1 /* Frameworks */ = {
			isa = PBXGroup;
			children = (
				59DDA0142DF195710099F101 /* RxSwift.framework */,
				5BB4BA9BC307B2F56EB40EE3 /* Pods_swiftTestDemo.framework */,
			);
			name = Frameworks;
			sourceTree = "<group>";
		};
		3A2488FDE67CBF74916BC481 /* Pods */ = {
			isa = PBXGroup;
			children = (
				3D3E5849A3C550C7CED1A9AB /* Pods-swiftTestDemo.debug.xcconfig */,
				7D86984CB62D073CD8FC5239 /* Pods-swiftTestDemo.release.xcconfig */,
			);
			path = Pods;
			sourceTree = "<group>";
		};
		592023EE2DE0172200B97614 = {
			isa = PBXGroup;
			children = (
				592023F92DE0172200B97614 /* swiftTestDemo */,
				592024102DE0172300B97614 /* swiftTestDemoTests */,
				5920241A2DE0172300B97614 /* swiftTestDemoUITests */,
				592023F82DE0172200B97614 /* Products */,
				3A2488FDE67CBF74916BC481 /* Pods */,
				0FE9BF623E512C10ED3B09A1 /* Frameworks */,
			);
			sourceTree = "<group>";
		};
		592023F82DE0172200B97614 /* Products */ = {
			isa = PBXGroup;
			children = (
				592023F72DE0172200B97614 /* swiftTestDemo.app */,
				5920240D2DE0172300B97614 /* swiftTestDemoTests.xctest */,
				592024172DE0172300B97614 /* swiftTestDemoUITests.xctest */,
			);
			name = Products;
			sourceTree = "<group>";
		};
/* End PBXGroup section */

/* Begin PBXNativeTarget section */
		592023F62DE0172200B97614 /* swiftTestDemo */ = {
			isa = PBXNativeTarget;
			buildConfigurationList = 592024202DE0172300B97614 /* Build configuration list for PBXNativeTarget "swiftTestDemo" */;
			buildPhases = (
				5516F9A3017A1D7FC7FDA918 /* [CP] Check Pods Manifest.lock */,
				592023F32DE0172200B97614 /* Sources */,
				592023F42DE0172200B97614 /* Frameworks */,
				592023F52DE0172200B97614 /* Resources */,
				D08A18F72219D5B949B2A6A2 /* [CP] Embed Pods Frameworks */,
			);
			buildRules = (
			);
			dependencies = (
			);
			fileSystemSynchronizedGroups = (
				592023F92DE0172200B97614 /* swiftTestDemo */,
			);
			name = swiftTestDemo;
			productName = swiftTestDemo;
			productReference = 592023F72DE0172200B97614 /* swiftTestDemo.app */;
			productType = "com.apple.product-type.application";
		};
		5920240C2DE0172300B97614 /* swiftTestDemoTests */ = {
			isa = PBXNativeTarget;
			buildConfigurationList = 592024252DE0172300B97614 /* Build configuration list for PBXNativeTarget "swiftTestDemoTests" */;
			buildPhases = (
				592024092DE0172300B97614 /* Sources */,
				5920240A2DE0172300B97614 /* Frameworks */,
				5920240B2DE0172300B97614 /* Resources */,
			);
			buildRules = (
			);
			dependencies = (
				5920240F2DE0172300B97614 /* PBXTargetDependency */,
			);
			fileSystemSynchronizedGroups = (
				592024102DE0172300B97614 /* swiftTestDemoTests */,
			);
			name = swiftTestDemoTests;
			productName = swiftTestDemoTests;
			productReference = 5920240D2DE0172300B97614 /* swiftTestDemoTests.xctest */;
			productType = "com.apple.product-type.bundle.unit-test";
		};
		592024162DE0172300B97614 /* swiftTestDemoUITests */ = {
			isa = PBXNativeTarget;
			buildConfigurationList = 592024282DE0172300B97614 /* Build configuration list for PBXNativeTarget "swiftTestDemoUITests" */;
			buildPhases = (
				592024132DE0172300B97614 /* Sources */,
				592024142DE0172300B97614 /* Frameworks */,
				592024152DE0172300B97614 /* Resources */,
			);
			buildRules = (
			);
			dependencies = (
				592024192DE0172300B97614 /* PBXTargetDependency */,
			);
			fileSystemSynchronizedGroups = (
				5920241A2DE0172300B97614 /* swiftTestDemoUITests */,
			);
			name = swiftTestDemoUITests;
			productName = swiftTestDemoUITests;
			productReference = 592024172DE0172300B97614 /* swiftTestDemoUITests.xctest */;
			productType = "com.apple.product-type.bundle.ui-testing";
		};
/* End PBXNativeTarget section */

/* Begin PBXProject section */
		592023EF2DE0172200B97614 /* Project object */ = {
			isa = PBXProject;
			attributes = {
				BuildIndependentTargetsInParallel = 1;
				LastSwiftUpdateCheck = 1620;
				LastUpgradeCheck = 1620;
				TargetAttributes = {
					592023F62DE0172200B97614 = {
						CreatedOnToolsVersion = 16.2;
					};
					5920240C2DE0172300B97614 = {
						CreatedOnToolsVersion = 16.2;
						TestTargetID = 592023F62DE0172200B97614;
					};
					592024162DE0172300B97614 = {
						CreatedOnToolsVersion = 16.2;
						TestTargetID = 592023F62DE0172200B97614;
					};
				};
			};
			buildConfigurationList = 592023F22DE0172200B97614 /* Build configuration list for PBXProject "swiftTestDemo" */;
			developmentRegion = en;
			hasScannedForEncodings = 0;
			knownRegions = (
				en,
				Base,
			);
			mainGroup = 592023EE2DE0172200B97614;
			minimizedProjectReferenceProxies = 1;
			preferredProjectObjectVersion = 77;
			productRefGroup = 592023F82DE0172200B97614 /* Products */;
			projectDirPath = "";
			projectRoot = "";
			targets = (
				592023F62DE0172200B97614 /* swiftTestDemo */,
				5920240C2DE0172300B97614 /* swiftTestDemoTests */,
				592024162DE0172300B97614 /* swiftTestDemoUITests */,
			);
		};
/* End PBXProject section */

/* Begin PBXResourcesBuildPhase section */
		592023F52DE0172200B97614 /* Resources */ = {
			isa = PBXResourcesBuildPhase;
			buildActionMask = 2147483647;
			files = (
			);
			runOnlyForDeploymentPostprocessing = 0;
		};
		5920240B2DE0172300B97614 /* Resources */ = {
			isa = PBXResourcesBuildPhase;
			buildActionMask = 2147483647;
			files = (
			);
			runOnlyForDeploymentPostprocessing = 0;
		};
		592024152DE0172300B97614 /* Resources */ = {
			isa = PBXResourcesBuildPhase;
			buildActionMask = 2147483647;
			files = (
			);
			runOnlyForDeploymentPostprocessing = 0;
		};
/* End PBXResourcesBuildPhase section */

/* Begin PBXShellScriptBuildPhase section */
		5516F9A3017A1D7FC7FDA918 /* [CP] Check Pods Manifest.lock */ = {
			isa = PBXShellScriptBuildPhase;
			buildActionMask = 2147483647;
			files = (
			);
			inputFileListPaths = (
			);
			inputPaths = (
				"${PODS_PODFILE_DIR_PATH}/Podfile.lock",
				"${PODS_ROOT}/Manifest.lock",
			);
			name = "[CP] Check Pods Manifest.lock";
			outputFileListPaths = (
			);
			outputPaths = (
				"$(DERIVED_FILE_DIR)/Pods-swiftTestDemo-checkManifestLockResult.txt",
			);
			runOnlyForDeploymentPostprocessing = 0;
			shellPath = /bin/sh;
			shellScript = "diff \"${PODS_PODFILE_DIR_PATH}/Podfile.lock\" \"${PODS_ROOT}/Manifest.lock\" > /dev/null\nif [ $? != 0 ] ; then\n    # print error to STDERR\n    echo \"error: The sandbox is not in sync with the Podfile.lock. Run 'pod install' or update your CocoaPods installation.\" >&2\n    exit 1\nfi\n# This output is used by Xcode 'outputs' to avoid re-running this script phase.\necho \"SUCCESS\" > \"${SCRIPT_OUTPUT_FILE_0}\"\n";
			showEnvVarsInLog = 0;
		};
		D08A18F72219D5B949B2A6A2 /* [CP] Embed Pods Frameworks */ = {
			isa = PBXShellScriptBuildPhase;
			buildActionMask = 2147483647;
			files = (
			);
			inputFileListPaths = (
				"${PODS_ROOT}/Target Support Files/Pods-swiftTestDemo/Pods-swiftTestDemo-frameworks-${CONFIGURATION}-input-files.xcfilelist",
			);
			name = "[CP] Embed Pods Frameworks";
			outputFileListPaths = (
				"${PODS_ROOT}/Target Support Files/Pods-swiftTestDemo/Pods-swiftTestDemo-frameworks-${CONFIGURATION}-output-files.xcfilelist",
			);
			runOnlyForDeploymentPostprocessing = 0;
			shellPath = /bin/sh;
			shellScript = "\"${PODS_ROOT}/Target Support Files/Pods-swiftTestDemo/Pods-swiftTestDemo-frameworks.sh\"\n";
			showEnvVarsInLog = 0;
		};
/* End PBXShellScriptBuildPhase section */

/* Begin PBXSourcesBuildPhase section */
		592023F32DE0172200B97614 /* Sources */ = {
			isa = PBXSourcesBuildPhase;
			buildActionMask = 2147483647;
			files = (
			);
			runOnlyForDeploymentPostprocessing = 0;
		};
		592024092DE0172300B97614 /* Sources */ = {
			isa = PBXSourcesBuildPhase;
			buildActionMask = 2147483647;
			files = (
			);
			runOnlyForDeploymentPostprocessing = 0;
		};
		592024132DE0172300B97614 /* Sources */ = {
			isa = PBXSourcesBuildPhase;
			buildActionMask = 2147483647;
			files = (
			);
			runOnlyForDeploymentPostprocessing = 0;
		};
/* End PBXSourcesBuildPhase section */

/* Begin PBXTargetDependency section */
		5920240F2DE0172300B97614 /* PBXTargetDependency */ = {
			isa = PBXTargetDependency;
			target = 592023F62DE0172200B97614 /* swiftTestDemo */;
			targetProxy = 5920240E2DE0172300B97614 /* PBXContainerItemProxy */;
		};
		592024192DE0172300B97614 /* PBXTargetDependency */ = {
			isa = PBXTargetDependency;
			target = 592023F62DE0172200B97614 /* swiftTestDemo */;
			targetProxy = 592024182DE0172300B97614 /* PBXContainerItemProxy */;
		};
/* End PBXTargetDependency section */

/* Begin XCBuildConfiguration section */
		592024212DE0172300B97614 /* Debug */ = {
			isa = XCBuildConfiguration;
			baseConfigurationReference = 3D3E5849A3C550C7CED1A9AB /* Pods-swiftTestDemo.debug.xcconfig */;
			buildSettings = {
				ASSETCATALOG_COMPILER_APPICON_NAME = AppIcon;
				ASSETCATALOG_COMPILER_GLOBAL_ACCENT_COLOR_NAME = AccentColor;
				CODE_SIGN_STYLE = Automatic;
				CURRENT_PROJECT_VERSION = 1;
				DEVELOPMENT_TEAM = E3DPJ4DW7A;
				ENABLE_USER_SCRIPT_SANDBOXING = NO;
				GENERATE_INFOPLIST_FILE = YES;
				INFOPLIST_FILE = swiftTestDemo/Info.plist;
				INFOPLIST_KEY_CFBundleDisplayName = NewsReader;
				INFOPLIST_KEY_UIApplicationSupportsIndirectInputEvents = YES;
				INFOPLIST_KEY_UILaunchStoryboardName = LaunchScreen;
				INFOPLIST_KEY_UIMainStoryboardFile = Main;
				INFOPLIST_KEY_UISupportedInterfaceOrientations_iPad = "UIInterfaceOrientationPortrait UIInterfaceOrientationPortraitUpsideDown UIInterfaceOrientationLandscapeLeft UIInterfaceOrientationLandscapeRight";
				INFOPLIST_KEY_UISupportedInterfaceOrientations_iPhone = "UIInterfaceOrientationPortrait UIInterfaceOrientationLandscapeLeft UIInterfaceOrientationLandscapeRight";
				IPHONEOS_DEPLOYMENT_TARGET = 15.6;
				LD_RUNPATH_SEARCH_PATHS = (
					"$(inherited)",
					"@executable_path/Frameworks",
				);
				MARKETING_VERSION = 1.0;
				PRODUCT_BUNDLE_IDENTIFIER = www.test.demo.swiftTestDemo;
				PRODUCT_NAME = "$(TARGET_NAME)";
				SWIFT_EMIT_LOC_STRINGS = YES;
				SWIFT_VERSION = 5.0;
				TARGETED_DEVICE_FAMILY = "1,2";
			};
			name = Debug;
		};
		592024222DE0172300B97614 /* Release */ = {
			isa = XCBuildConfiguration;
			baseConfigurationReference = 7D86984CB62D073CD8FC5239 /* Pods-swiftTestDemo.release.xcconfig */;
			buildSettings = {
				ASSETCATALOG_COMPILER_APPICON_NAME = AppIcon;
				ASSETCATALOG_COMPILER_GLOBAL_ACCENT_COLOR_NAME = AccentColor;
				CODE_SIGN_STYLE = Automatic;
				CURRENT_PROJECT_VERSION = 1;
				DEVELOPMENT_TEAM = E3DPJ4DW7A;
				ENABLE_USER_SCRIPT_SANDBOXING = NO;
				GENERATE_INFOPLIST_FILE = YES;
				INFOPLIST_FILE = swiftTestDemo/Info.plist;
				INFOPLIST_KEY_CFBundleDisplayName = NewsReader;
				INFOPLIST_KEY_UIApplicationSupportsIndirectInputEvents = YES;
				INFOPLIST_KEY_UILaunchStoryboardName = LaunchScreen;
				INFOPLIST_KEY_UIMainStoryboardFile = Main;
				INFOPLIST_KEY_UISupportedInterfaceOrientations_iPad = "UIInterfaceOrientationPortrait UIInterfaceOrientationPortraitUpsideDown UIInterfaceOrientationLandscapeLeft UIInterfaceOrientationLandscapeRight";
				INFOPLIST_KEY_UISupportedInterfaceOrientations_iPhone = "UIInterfaceOrientationPortrait UIInterfaceOrientationLandscapeLeft UIInterfaceOrientationLandscapeRight";
				IPHONEOS_DEPLOYMENT_TARGET = 15.6;
				LD_RUNPATH_SEARCH_PATHS = (
					"$(inherited)",
					"@executable_path/Frameworks",
				);
				MARKETING_VERSION = 1.0;
				PRODUCT_BUNDLE_IDENTIFIER = www.test.demo.swiftTestDemo;
				PRODUCT_NAME = "$(TARGET_NAME)";
				SWIFT_EMIT_LOC_STRINGS = YES;
				SWIFT_VERSION = 5.0;
				TARGETED_DEVICE_FAMILY = "1,2";
			};
			name = Release;
		};
		592024232DE0172300B97614 /* Debug */ = {
			isa = XCBuildConfiguration;
			buildSettings = {
				ALWAYS_SEARCH_USER_PATHS = NO;
				ASSETCATALOG_COMPILER_GENERATE_SWIFT_ASSET_SYMBOL_EXTENSIONS = YES;
				CLANG_ANALYZER_NONNULL = YES;
				CLANG_ANALYZER_NUMBER_OBJECT_CONVERSION = YES_AGGRESSIVE;
				CLANG_CXX_LANGUAGE_STANDARD = "gnu++20";
				CLANG_ENABLE_MODULES = YES;
				CLANG_ENABLE_OBJC_ARC = YES;
				CLANG_ENABLE_OBJC_WEAK = YES;
				CLANG_WARN_BLOCK_CAPTURE_AUTORELEASING = YES;
				CLANG_WARN_BOOL_CONVERSION = YES;
				CLANG_WARN_COMMA = YES;
				CLANG_WARN_CONSTANT_CONVERSION = YES;
				CLANG_WARN_DEPRECATED_OBJC_IMPLEMENTATIONS = YES;
				CLANG_WARN_DIRECT_OBJC_ISA_USAGE = YES_ERROR;
				CLANG_WARN_DOCUMENTATION_COMMENTS = YES;
				CLANG_WARN_EMPTY_BODY = YES;
				CLANG_WARN_ENUM_CONVERSION = YES;
				CLANG_WARN_INFINITE_RECURSION = YES;
				CLANG_WARN_INT_CONVERSION = YES;
				CLANG_WARN_NON_LITERAL_NULL_CONVERSION = YES;
				CLANG_WARN_OBJC_IMPLICIT_RETAIN_SELF = YES;
				CLANG_WARN_OBJC_LITERAL_CONVERSION = YES;
				CLANG_WARN_OBJC_ROOT_CLASS = YES_ERROR;
				CLANG_WARN_QUOTED_INCLUDE_IN_FRAMEWORK_HEADER = YES;
				CLANG_WARN_RANGE_LOOP_ANALYSIS = YES;
				CLANG_WARN_STRICT_PROTOTYPES = YES;
				CLANG_WARN_SUSPICIOUS_MOVE = YES;
				CLANG_WARN_UNGUARDED_AVAILABILITY = YES_AGGRESSIVE;
				CLANG_WARN_UNREACHABLE_CODE = YES;
				CLANG_WARN__DUPLICATE_METHOD_MATCH = YES;
				COPY_PHASE_STRIP = NO;
				DEBUG_INFORMATION_FORMAT = dwarf;
				ENABLE_STRICT_OBJC_MSGSEND = YES;
				ENABLE_TESTABILITY = YES;
				ENABLE_USER_SCRIPT_SANDBOXING = YES;
				GCC_C_LANGUAGE_STANDARD = gnu17;
				GCC_DYNAMIC_NO_PIC = NO;
				GCC_NO_COMMON_BLOCKS = YES;
				GCC_OPTIMIZATION_LEVEL = 0;
				GCC_PREPROCESSOR_DEFINITIONS = (
					"DEBUG=1",
					"$(inherited)",
				);
				GCC_WARN_64_TO_32_BIT_CONVERSION = YES;
				GCC_WARN_ABOUT_RETURN_TYPE = YES_ERROR;
				GCC_WARN_UNDECLARED_SELECTOR = YES;
				GCC_WARN_UNINITIALIZED_AUTOS = YES_AGGRESSIVE;
				GCC_WARN_UNUSED_FUNCTION = YES;
				GCC_WARN_UNUSED_VARIABLE = YES;
				IPHONEOS_DEPLOYMENT_TARGET = 18.2;
				LOCALIZATION_PREFERS_STRING_CATALOGS = YES;
				MTL_ENABLE_DEBUG_INFO = INCLUDE_SOURCE;
				MTL_FAST_MATH = YES;
				ONLY_ACTIVE_ARCH = YES;
				SDKROOT = iphoneos;
				SWIFT_ACTIVE_COMPILATION_CONDITIONS = "DEBUG $(inherited)";
				SWIFT_OPTIMIZATION_LEVEL = "-Onone";
			};
			name = Debug;
		};
		592024242DE0172300B97614 /* Release */ = {
			isa = XCBuildConfiguration;
			buildSettings = {
				ALWAYS_SEARCH_USER_PATHS = NO;
				ASSETCATALOG_COMPILER_GENERATE_SWIFT_ASSET_SYMBOL_EXTENSIONS = YES;
				CLANG_ANALYZER_NONNULL = YES;
				CLANG_ANALYZER_NUMBER_OBJECT_CONVERSION = YES_AGGRESSIVE;
				CLANG_CXX_LANGUAGE_STANDARD = "gnu++20";
				CLANG_ENABLE_MODULES = YES;
				CLANG_ENABLE_OBJC_ARC = YES;
				CLANG_ENABLE_OBJC_WEAK = YES;
				CLANG_WARN_BLOCK_CAPTURE_AUTORELEASING = YES;
				CLANG_WARN_BOOL_CONVERSION = YES;
				CLANG_WARN_COMMA = YES;
				CLANG_WARN_CONSTANT_CONVERSION = YES;
				CLANG_WARN_DEPRECATED_OBJC_IMPLEMENTATIONS = YES;
				CLANG_WARN_DIRECT_OBJC_ISA_USAGE = YES_ERROR;
				CLANG_WARN_DOCUMENTATION_COMMENTS = YES;
				CLANG_WARN_EMPTY_BODY = YES;
				CLANG_WARN_ENUM_CONVERSION = YES;
				CLANG_WARN_INFINITE_RECURSION = YES;
				CLANG_WARN_INT_CONVERSION = YES;
				CLANG_WARN_NON_LITERAL_NULL_CONVERSION = YES;
				CLANG_WARN_OBJC_IMPLICIT_RETAIN_SELF = YES;
				CLANG_WARN_OBJC_LITERAL_CONVERSION = YES;
				CLANG_WARN_OBJC_ROOT_CLASS = YES_ERROR;
				CLANG_WARN_QUOTED_INCLUDE_IN_FRAMEWORK_HEADER = YES;
				CLANG_WARN_RANGE_LOOP_ANALYSIS = YES;
				CLANG_WARN_STRICT_PROTOTYPES = YES;
				CLANG_WARN_SUSPICIOUS_MOVE = YES;
				CLANG_WARN_UNGUARDED_AVAILABILITY = YES_AGGRESSIVE;
				CLANG_WARN_UNREACHABLE_CODE = YES;
				CLANG_WARN__DUPLICATE_METHOD_MATCH = YES;
				COPY_PHASE_STRIP = NO;
				DEBUG_INFORMATION_FORMAT = "dwarf-with-dsym";
				ENABLE_NS_ASSERTIONS = NO;
				ENABLE_STRICT_OBJC_MSGSEND = YES;
				ENABLE_USER_SCRIPT_SANDBOXING = YES;
				GCC_C_LANGUAGE_STANDARD = gnu17;
				GCC_NO_COMMON_BLOCKS = YES;
				GCC_WARN_64_TO_32_BIT_CONVERSION = YES;
				GCC_WARN_ABOUT_RETURN_TYPE = YES_ERROR;
				GCC_WARN_UNDECLARED_SELECTOR = YES;
				GCC_WARN_UNINITIALIZED_AUTOS = YES_AGGRESSIVE;
				GCC_WARN_UNUSED_FUNCTION = YES;
				GCC_WARN_UNUSED_VARIABLE = YES;
				IPHONEOS_DEPLOYMENT_TARGET = 18.2;
				LOCALIZATION_PREFERS_STRING_CATALOGS = YES;
				MTL_ENABLE_DEBUG_INFO = NO;
				MTL_FAST_MATH = YES;
				SDKROOT = iphoneos;
				SWIFT_COMPILATION_MODE = wholemodule;
				VALIDATE_PRODUCT = YES;
			};
			name = Release;
		};
		592024262DE0172300B97614 /* Debug */ = {
			isa = XCBuildConfiguration;
			buildSettings = {
				BUNDLE_LOADER = "$(TEST_HOST)";
				CODE_SIGN_STYLE = Automatic;
				CURRENT_PROJECT_VERSION = 1;
				DEVELOPMENT_TEAM = E3DPJ4DW7A;
				GENERATE_INFOPLIST_FILE = YES;
				IPHONEOS_DEPLOYMENT_TARGET = 18.2;
				MARKETING_VERSION = 1.0;
				PRODUCT_BUNDLE_IDENTIFIER = www.test.demo.swiftTestDemoTests;
				PRODUCT_NAME = "$(TARGET_NAME)";
				SWIFT_EMIT_LOC_STRINGS = NO;
				SWIFT_VERSION = 5.0;
				TARGETED_DEVICE_FAMILY = "1,2";
				TEST_HOST = "$(BUILT_PRODUCTS_DIR)/swiftTestDemo.app/$(BUNDLE_EXECUTABLE_FOLDER_PATH)/swiftTestDemo";
			};
			name = Debug;
		};
		592024272DE0172300B97614 /* Release */ = {
			isa = XCBuildConfiguration;
			buildSettings = {
				BUNDLE_LOADER = "$(TEST_HOST)";
				CODE_SIGN_STYLE = Automatic;
				CURRENT_PROJECT_VERSION = 1;
				DEVELOPMENT_TEAM = E3DPJ4DW7A;
				GENERATE_INFOPLIST_FILE = YES;
				IPHONEOS_DEPLOYMENT_TARGET = 18.2;
				MARKETING_VERSION = 1.0;
				PRODUCT_BUNDLE_IDENTIFIER = www.test.demo.swiftTestDemoTests;
				PRODUCT_NAME = "$(TARGET_NAME)";
				SWIFT_EMIT_LOC_STRINGS = NO;
				SWIFT_VERSION = 5.0;
				TARGETED_DEVICE_FAMILY = "1,2";
				TEST_HOST = "$(BUILT_PRODUCTS_DIR)/swiftTestDemo.app/$(BUNDLE_EXECUTABLE_FOLDER_PATH)/swiftTestDemo";
			};
			name = Release;
		};
		592024292DE0172300B97614 /* Debug */ = {
			isa = XCBuildConfiguration;
			buildSettings = {
				CODE_SIGN_STYLE = Automatic;
				CURRENT_PROJECT_VERSION = 1;
				DEVELOPMENT_TEAM = E3DPJ4DW7A;
				GENERATE_INFOPLIST_FILE = YES;
				MARKETING_VERSION = 1.0;
				PRODUCT_BUNDLE_IDENTIFIER = www.test.demo.swiftTestDemoUITests;
				PRODUCT_NAME = "$(TARGET_NAME)";
				SWIFT_EMIT_LOC_STRINGS = NO;
				SWIFT_VERSION = 5.0;
				TARGETED_DEVICE_FAMILY = "1,2";
				TEST_TARGET_NAME = swiftTestDemo;
			};
			name = Debug;
		};
		5920242A2DE0172300B97614 /* Release */ = {
			isa = XCBuildConfiguration;
			buildSettings = {
				CODE_SIGN_STYLE = Automatic;
				CURRENT_PROJECT_VERSION = 1;
				DEVELOPMENT_TEAM = E3DPJ4DW7A;
				GENERATE_INFOPLIST_FILE = YES;
				MARKETING_VERSION = 1.0;
				PRODUCT_BUNDLE_IDENTIFIER = www.test.demo.swiftTestDemoUITests;
				PRODUCT_NAME = "$(TARGET_NAME)";
				SWIFT_EMIT_LOC_STRINGS = NO;
				SWIFT_VERSION = 5.0;
				TARGETED_DEVICE_FAMILY = "1,2";
				TEST_TARGET_NAME = swiftTestDemo;
			};
			name = Release;
		};
/* End XCBuildConfiguration section */

/* Begin XCConfigurationList section */
		592023F22DE0172200B97614 /* Build configuration list for PBXProject "swiftTestDemo" */ = {
			isa = XCConfigurationList;
			buildConfigurations = (
				592024232DE0172300B97614 /* Debug */,
				592024242DE0172300B97614 /* Release */,
			);
			defaultConfigurationIsVisible = 0;
			defaultConfigurationName = Release;
		};
		592024202DE0172300B97614 /* Build configuration list for PBXNativeTarget "swiftTestDemo" */ = {
			isa = XCConfigurationList;
			buildConfigurations = (
				592024212DE0172300B97614 /* Debug */,
				592024222DE0172300B97614 /* Release */,
			);
			defaultConfigurationIsVisible = 0;
			defaultConfigurationName = Release;
		};
		592024252DE0172300B97614 /* Build configuration list for PBXNativeTarget "swiftTestDemoTests" */ = {
			isa = XCConfigurationList;
			buildConfigurations = (
				592024262DE0172300B97614 /* Debug */,
				592024272DE0172300B97614 /* Release */,
			);
			defaultConfigurationIsVisible = 0;
			defaultConfigurationName = Release;
		};
		592024282DE0172300B97614 /* Build configuration list for PBXNativeTarget "swiftTestDemoUITests" */ = {
			isa = XCConfigurationList;
			buildConfigurations = (
				592024292DE0172300B97614 /* Debug */,
				5920242A2DE0172300B97614 /* Release */,
			);
			defaultConfigurationIsVisible = 0;
			defaultConfigurationName = Release;
		};
/* End XCConfigurationList section */
	};
	rootObject = 592023EF2DE0172200B97614 /* Project object */;
}
